<?xml version="1.0" encoding="utf-8"?>
<Project ToolsVersion="4.0" xmlns="http://schemas.microsoft.com/developer/msbuild/2003">
  <ItemGroup>
    <Filter Include="Source Files">
      <UniqueIdentifier>{4FC737F1-C7A5-4376-A066-2A32D752A2FF}</UniqueIdentifier>
      <Extensions>cpp;c;cc;cxx;c++;cppm;ixx;def;odl;idl;hpj;bat;asm;asmx</Extensions>
    </Filter>
    <Filter Include="Header Files">
      <UniqueIdentifier>{93995380-89BD-4b04-88EB-625FBE52EBFB}</UniqueIdentifier>
      <Extensions>h;hh;hpp;hxx;h++;hm;inl;inc;ipp;xsd</Extensions>
    </Filter>
    <Filter Include="Resource Files">
      <UniqueIdentifier>{67DA6AB6-F800-4c08-8B7A-83BB121AAD01}</UniqueIdentifier>
      <Extensions>rc;ico;cur;bmp;dlg;rc2;rct;bin;rgs;gif;jpg;jpeg;jpe;resx;tiff;tif;png;wav;mfcribbon-ms</Extensions>
    </Filter>
  </ItemGroup>
  <ItemGroup>
    <ClInclude Include="xbs_math_inl.h">
      <Filter>Header Files</Filter>
    </ClInclude>
    <ClInclude Include="BlobRenderer.h">
      <Filter>Header Files</Filter>
    </ClInclude>
    <ClInclude Include="Blobs.h">
      <Filter>Header Files</Filter>
    </ClInclude>
    <ClInclude Include="bootsnd.h">
      <Filter>Header Files</Filter>
    </ClInclude>
    <ClInclude Include="bootsound.h">
      <Filter>Header Files</Filter>
    </ClInclude>
    <ClInclude Include="CamControl.h">
      <Filter>Header Files</Filter>
    </ClInclude>
    <ClInclude Include="camera.h">
      <Filter>Header Files</Filter>
    </ClInclude>
    <ClInclude Include="defines.h">
      <Filter>Header Files</Filter>
    </ClInclude>
    <ClInclude Include="dsptables.h">
      <Filter>Header Files</Filter>
    </ClInclude>
    <ClInclude Include="EXTERNS.H">
      <Filter>Header Files</Filter>
    </ClInclude>
    <ClInclude Include="fastmath.h">
      <Filter>Header Files</Filter>
    </ClInclude>
    <ClInclude Include="FTABLES.H">
      <Filter>Header Files</Filter>
    </ClInclude>
    <ClInclude Include="GreenFog.h">
      <Filter>Header Files</Filter>
    </ClInclude>
    <ClInclude Include="logo_geometry.h">
      <Filter>Header Files</Filter>
    </ClInclude>
    <ClInclude Include="logo_renderer.h">
      <Filter>Header Files</Filter>
    </ClInclude>
    <ClInclude Include="Macros.h">
      <Filter>Header Files</Filter>
    </ClInclude>
    <ClInclude Include="mslogo.h">
      <Filter>Header Files</Filter>
    </ClInclude>
    <ClInclude Include="Pitches.h">
      <Filter>Header Files</Filter>
    </ClInclude>
    <ClInclude Include="PlacementDoodad.h">
      <Filter>Header Files</Filter>
    </ClInclude>
    <ClInclude Include="precomp.h">
      <Filter>Header Files</Filter>
    </ClInclude>
    <ClInclude Include="prim_types.h">
      <Filter>Header Files</Filter>
    </ClInclude>
    <ClInclude Include="PROTOS.H">
      <Filter>Header Files</Filter>
    </ClInclude>
    <ClInclude Include="qrand.h">
      <Filter>Header Files</Filter>
    </ClInclude>
    <ClInclude Include="renderer.h">
      <Filter>Header Files</Filter>
    </ClInclude>
    <ClInclude Include="scene_geometry.h">
      <Filter>Header Files</Filter>
    </ClInclude>
    <ClInclude Include="scene_renderer.h">
      <Filter>Header Files</Filter>
    </ClInclude>
    <ClInclude Include="shaders.h">
      <Filter>Header Files</Filter>
    </ClInclude>
    <ClInclude Include="Shield.h">
      <Filter>Header Files</Filter>
    </ClInclude>
    <ClInclude Include="SOS.H">
      <Filter>Header Files</Filter>
    </ClInclude>
    <ClInclude Include="sosdsp.h">
      <Filter>Header Files</Filter>
    </ClInclude>
    <ClInclude Include="tex_gen.h">
      <Filter>Header Files</Filter>
    </ClInclude>
    <ClInclude Include="text_geometry.h">
      <Filter>Header Files</Filter>
    </ClInclude>
    <ClInclude Include="tm_pixels.h">
      <Filter>Header Files</Filter>
    </ClInclude>
    <ClInclude Include="VBlob.h">
      <Filter>Header Files</Filter>
    </ClInclude>
    <ClInclude Include="xbinput.h">
      <Filter>Header Files</Filter>
    </ClInclude>
    <ClInclude Include="xbs_app.h">
      <Filter>Header Files</Filter>
    </ClInclude>
    <ClInclude Include="xbs_math.h">
      <Filter>Header Files</Filter>
    </ClInclude>
  </ItemGroup>
  <ItemGroup>
    <ClCompile Include="stboot.c">
      <Filter>Source Files</Filter>
    </ClCompile>
    <ClCompile Include="BlobRenderer.cpp">
      <Filter>Source Files</Filter>
    </ClCompile>
    <ClCompile Include="Blobs.cpp">
      <Filter>Source Files</Filter>
    </ClCompile>
    <ClCompile Include="bootsound.cpp">
      <Filter>Source Files</Filter>
    </ClCompile>
    <ClCompile Include="CamControl.cpp">
      <Filter>Source Files</Filter>
    </ClCompile>
    <ClCompile Include="camera.cpp">
      <Filter>Source Files</Filter>
    </ClCompile>
    <ClCompile Include="fastmath.cpp">
      <Filter>Source Files</Filter>
    </ClCompile>
    <ClCompile Include="GreenFog.cpp">
      <Filter>Source Files</Filter>
    </ClCompile>
    <ClCompile Include="logo_renderer.cpp">
      <Filter>Source Files</Filter>
    </ClCompile>
    <ClCompile Include="mslogo.cpp">
      <Filter>Source Files</Filter>
    </ClCompile>
    <ClCompile Include="PlacementDoodad.cpp">
      <Filter>Source Files</Filter>
    </ClCompile>
    <ClCompile Include="qrand.cpp">
      <Filter>Source Files</Filter>
    </ClCompile>
    <ClCompile Include="renderer.cpp">
      <Filter>Source Files</Filter>
    </ClCompile>
    <ClCompile Include="scene_renderer.cpp">
      <Filter>Source Files</Filter>
    </ClCompile>
    <ClCompile Include="Shield.cpp">
      <Filter>Source Files</Filter>
    </ClCompile>
    <ClCompile Include="tex_gen.cpp">
      <Filter>Source Files</Filter>
    </ClCompile>
    <ClCompile Include="VBlob.cpp">
      <Filter>Source Files</Filter>
    </ClCompile>
    <ClCompile Include="xbinput.cpp">
      <Filter>Source Files</Filter>
    </ClCompile>
    <ClCompile Include="xbs_app.cpp">
      <Filter>Source Files</Filter>
    </ClCompile>
    <ClCompile Include="animate.c">
      <Filter>Source Files</Filter>
    </ClCompile>
    <ClCompile Include="CF.C">
      <Filter>Source Files</Filter>
    </ClCompile>
    <ClCompile Include="DEV.C">
      <Filter>Source Files</Filter>
    </ClCompile>
    <ClCompile Include="EVF.C">
      <Filter>Source Files</Filter>
    </ClCompile>
    <ClCompile Include="GLOBALS.C">
      <Filter>Source Files</Filter>
    </ClCompile>
    <ClCompile Include="PROC.C">
      <Filter>Source Files</Filter>
    </ClCompile>
    <ClCompile Include="SOS.C">
      <Filter>Source Files</Filter>
    </ClCompile>
    <ClCompile Include="st.c">
      <Filter>Source Files</Filter>
    </ClCompile>
  </ItemGroup>
</Project>