<?xml version="1.0" encoding="utf-8"?>
<Project ToolsVersion="4.0" xmlns="http://schemas.microsoft.com/developer/msbuild/2003">
  <ItemGroup>
    <Filter Include="Quelldateien">
      <UniqueIdentifier>{4FC737F1-C7A5-4376-A066-2A32D752A2FF}</UniqueIdentifier>
      <Extensions>cpp;c;cc;cxx;c++;cppm;ixx;def;odl;idl;hpj;bat;asm;asmx</Extensions>
    </Filter>
    <Filter Include="Headerdateien">
      <UniqueIdentifier>{93995380-89BD-4b04-88EB-625FBE52EBFB}</UniqueIdentifier>
      <Extensions>h;hh;hpp;hxx;h++;hm;inl;inc;ipp;xsd</Extensions>
    </Filter>
    <Filter Include="Ressourcendateien">
      <UniqueIdentifier>{67DA6AB6-F800-4c08-8B7A-83BB121AAD01}</UniqueIdentifier>
      <Extensions>rc;ico;cur;bmp;dlg;rc2;rct;bin;rgs;gif;jpg;jpeg;jpe;resx;tiff;tif;png;wav;mfcribbon-ms</Extensions>
    </Filter>
    <Filter Include="ani2">
      <UniqueIdentifier>{9d2b8f53-10fa-4204-93b6-8637f4e5cb48}</UniqueIdentifier>
    </Filter>
    <Filter Include="ani2\h">
      <UniqueIdentifier>{cae01eab-f67d-492c-8d9d-f281f9993337}</UniqueIdentifier>
    </Filter>
    <Filter Include="ani2\c">
      <UniqueIdentifier>{dba56949-524f-4f1b-bf62-2190d03c203f}</UniqueIdentifier>
    </Filter>
    <Filter Include="ani2\cpp">
      <UniqueIdentifier>{7d069701-d3c8-4280-8a53-974f609f5f2e}</UniqueIdentifier>
    </Filter>
  </ItemGroup>
  <ItemGroup>
    <ClInclude Include="framework.h">
      <Filter>Headerdateien</Filter>
    </ClInclude>
    <ClInclude Include="targetver.h">
      <Filter>Headerdateien</Filter>
    </ClInclude>
    <ClInclude Include="Resource.h">
      <Filter>Headerdateien</Filter>
    </ClInclude>
    <ClInclude Include="ani2-on-dx11.h">
      <Filter>Headerdateien</Filter>
    </ClInclude>
    <ClInclude Include="fastmath.h">
      <Filter>ani2\h</Filter>
    </ClInclude>
    <ClInclude Include="logo_geometry.h">
      <Filter>ani2\h</Filter>
    </ClInclude>
    <ClInclude Include="logo_renderer.h">
      <Filter>ani2\h</Filter>
    </ClInclude>
    <ClInclude Include="mslogo.h">
      <Filter>ani2\h</Filter>
    </ClInclude>
    <ClInclude Include="precomp.h">
      <Filter>ani2\h</Filter>
    </ClInclude>
    <ClInclude Include="prim_types.h">
      <Filter>ani2\h</Filter>
    </ClInclude>
    <ClInclude Include="qrand.h">
      <Filter>ani2\h</Filter>
    </ClInclude>
    <ClInclude Include="renderer.h">
      <Filter>ani2\h</Filter>
    </ClInclude>
    <ClInclude Include="scene_geometry.h">
      <Filter>ani2\h</Filter>
    </ClInclude>
    <ClInclude Include="scene_renderer.h">
      <Filter>ani2\h</Filter>
    </ClInclude>
    <ClInclude Include="shaders.h">
      <Filter>ani2\h</Filter>
    </ClInclude>
    <ClInclude Include="bootsnd.h">
      <Filter>ani2\h</Filter>
    </ClInclude>
    <ClInclude Include="bootsound.h">
      <Filter>ani2\h</Filter>
    </ClInclude>
    <ClInclude Include="camera.h">
      <Filter>ani2\h</Filter>
    </ClInclude>
    <ClInclude Include="defines.h">
      <Filter>ani2\h</Filter>
    </ClInclude>
    <ClInclude Include="dsptables.h">
      <Filter>ani2\h</Filter>
    </ClInclude>
    <ClInclude Include="Macros.h">
      <Filter>ani2\h</Filter>
    </ClInclude>
    <ClInclude Include="Pitches.h">
      <Filter>ani2\h</Filter>
    </ClInclude>
    <ClInclude Include="PlacementDoodad.h">
      <Filter>ani2\h</Filter>
    </ClInclude>
    <ClInclude Include="PROTOS.H">
      <Filter>ani2\h</Filter>
    </ClInclude>
    <ClInclude Include="Shield.h">
      <Filter>ani2\h</Filter>
    </ClInclude>
    <ClInclude Include="SOS.H">
      <Filter>ani2\h</Filter>
    </ClInclude>
    <ClInclude Include="VBlob.h">
      <Filter>ani2\h</Filter>
    </ClInclude>
    <ClInclude Include="Blobs.h">
      <Filter>ani2\h</Filter>
    </ClInclude>
    <ClInclude Include="CamControl.h">
      <Filter>ani2\h</Filter>
    </ClInclude>
    <ClInclude Include="EXTERNS.H">
      <Filter>ani2\h</Filter>
    </ClInclude>
    <ClInclude Include="FTABLES.H">
      <Filter>ani2\h</Filter>
    </ClInclude>
    <ClInclude Include="GreenFog.h">
      <Filter>ani2\h</Filter>
    </ClInclude>
    <ClInclude Include="BlobRenderer.h">
      <Filter>ani2\h</Filter>
    </ClInclude>
    <ClInclude Include="sosdsp.h">
      <Filter>ani2\h</Filter>
    </ClInclude>
    <ClInclude Include="tex_gen.h">
      <Filter>ani2\h</Filter>
    </ClInclude>
    <ClInclude Include="text_geometry.h">
      <Filter>ani2\h</Filter>
    </ClInclude>
    <ClInclude Include="tm_pixels.h">
      <Filter>ani2\h</Filter>
    </ClInclude>
    <ClInclude Include="xbinput.h">
      <Filter>ani2\h</Filter>
    </ClInclude>
    <ClInclude Include="xbs_app.h">
      <Filter>ani2\h</Filter>
    </ClInclude>
    <ClInclude Include="xbs_math.h">
      <Filter>ani2\h</Filter>
    </ClInclude>
    <ClInclude Include="xbs_math_inl.h">
      <Filter>ani2\h</Filter>
    </ClInclude>
  </ItemGroup>
  <ItemGroup>
    <ClCompile Include="ani2-on-dx11.cpp">
      <Filter>Quelldateien</Filter>
    </ClCompile>
    <ClCompile Include="PlacementDoodad.cpp">
      <Filter>ani2\cpp</Filter>
    </ClCompile>
    <ClCompile Include="Shield.cpp">
      <Filter>ani2\cpp</Filter>
    </ClCompile>
    <ClCompile Include="VBlob.cpp">
      <Filter>ani2\cpp</Filter>
    </ClCompile>
    <ClCompile Include="Blobs.cpp">
      <Filter>ani2\cpp</Filter>
    </ClCompile>
    <ClCompile Include="CamControl.cpp">
      <Filter>ani2\cpp</Filter>
    </ClCompile>
    <ClCompile Include="GreenFog.cpp">
      <Filter>ani2\cpp</Filter>
    </ClCompile>
    <ClCompile Include="BlobRenderer.cpp">
      <Filter>ani2\cpp</Filter>
    </ClCompile>
    <ClCompile Include="tex_gen.cpp">
      <Filter>ani2\cpp</Filter>
    </ClCompile>
    <ClCompile Include="xbinput.cpp">
      <Filter>ani2\cpp</Filter>
    </ClCompile>
    <ClCompile Include="xbs_app.cpp">
      <Filter>ani2\cpp</Filter>
    </ClCompile>
    <ClCompile Include="fastmath.cpp">
      <Filter>ani2\cpp</Filter>
    </ClCompile>
    <ClCompile Include="logo_renderer.cpp">
      <Filter>ani2\cpp</Filter>
    </ClCompile>
    <ClCompile Include="mslogo.cpp">
      <Filter>ani2\cpp</Filter>
    </ClCompile>
    <ClCompile Include="qrand.cpp">
      <Filter>ani2\cpp</Filter>
    </ClCompile>
    <ClCompile Include="renderer.cpp">
      <Filter>ani2\cpp</Filter>
    </ClCompile>
    <ClCompile Include="scene_renderer.cpp">
      <Filter>ani2\cpp</Filter>
    </ClCompile>
    <ClCompile Include="bootsound.cpp">
      <Filter>ani2\cpp</Filter>
    </ClCompile>
    <ClCompile Include="camera.cpp">
      <Filter>ani2\cpp</Filter>
    </ClCompile>
    <ClCompile Include="EVF.C">
      <Filter>ani2\c</Filter>
    </ClCompile>
    <ClCompile Include="GLOBALS.C">
      <Filter>ani2\c</Filter>
    </ClCompile>
    <ClCompile Include="st.c">
      <Filter>ani2\c</Filter>
    </ClCompile>
    <ClCompile Include="stboot.c">
      <Filter>ani2\c</Filter>
    </ClCompile>
    <ClCompile Include="animate.c">
      <Filter>ani2\c</Filter>
    </ClCompile>
    <ClCompile Include="PROC.C">
      <Filter>ani2\c</Filter>
    </ClCompile>
    <ClCompile Include="SOS.C">
      <Filter>ani2\c</Filter>
    </ClCompile>
    <ClCompile Include="CF.C">
      <Filter>ani2\c</Filter>
    </ClCompile>
    <ClCompile Include="DEV.C">
      <Filter>ani2\c</Filter>
    </ClCompile>
  </ItemGroup>
  <ItemGroup>
    <ResourceCompile Include="ani2-on-dx11.rc">
      <Filter>Ressourcendateien</Filter>
    </ResourceCompile>
  </ItemGroup>
  <ItemGroup>
    <Image Include="small.ico">
      <Filter>Ressourcendateien</Filter>
    </Image>
    <Image Include="ani2-on-dx11.ico">
      <Filter>Ressourcendateien</Filter>
    </Image>
  </ItemGroup>
</Project>